
Microsoft Visual Studio Solution File, Format Version 12.00
# Visual Studio Version 17
VisualStudioVersion = 17.14.36127.28 d17.14
MinimumVisualStudioVersion = 10.0.40219.1
Project("{FAE04EC0-301F-11D3-BF4B-00C04F79EFBC}") = "MauiControls", "MauiControls\MauiControls.csproj", "{B2D2E683-9890-4772-9BC1-2129563C084E}"
EndProject
Global
	GlobalSection(SolutionConfigurationPlatforms) = preSolution
		Debug|Any CPU = Debug|Any CPU
		Release|Any CPU = Release|Any CPU
	EndGlobalSection
	GlobalSection(ProjectConfigurationPlatforms) = postSolution
		{B2D2E683-9890-4772-9BC1-2129563C084E}.Debug|Any CPU.ActiveCfg = Debug|Any CPU
		{B2D2E683-9890-4772-9BC1-2129563C084E}.Debug|Any CPU.Build.0 = Debug|Any CPU
		{B2D2E683-9890-4772-9BC1-2129563C084E}.Release|Any CPU.ActiveCfg = Release|Any CPU
		{B2D2E683-9890-4772-9BC1-2129563C084E}.Release|Any CPU.Build.0 = Release|Any CPU
	EndGlobalSection
	GlobalSection(SolutionProperties) = preSolution
		HideSolutionNode = FALSE
	EndGlobalSection
	GlobalSection(ExtensibilityGlobals) = postSolution
		SolutionGuid = {B95D25A0-EB3E-4F60-BB32-39ED209F03DC}
	EndGlobalSection
EndGlobal
